
Microsoft Visual Studio Solution File, Format Version 12.00
# Visual Studio 14
VisualStudioVersion = 14.0.23107.0
MinimumVisualStudioVersion = 10.0.40219.1
Project("{FAE04EC0-301F-11D3-BF4B-00C04F79EFBC}") = "MarkdownBlog", "MarkdownBlog\MarkdownBlog.csproj", "{E96D190D-ED10-477D-A695-404E9FFF7DFF}"
EndProject
Project("{FAE04EC0-301F-11D3-BF4B-00C04F79EFBC}") = "MarkdownBlog.Core", "MarkdownBlog.Core\MarkdownBlog.Core.csproj", "{B1A9146D-9C86-4F40-A2C7-6075D176AFC8}"
EndProject
Project("{FAE04EC0-301F-11D3-BF4B-00C04F79EFBC}") = "MarkdownBlog.Utils", "MarkdownBlog.Utils\MarkdownBlog.Utils.csproj", "{45BEF058-B7B0-4C89-B76B-5DDE8E1853C9}"
EndProject
Project("{FAE04EC0-301F-11D3-BF4B-00C04F79EFBC}") = "MarkdownBlog.NUnit.Tests", "MarkdownBlog.NUnit.Tests\MarkdownBlog.NUnit.Tests.csproj", "{8C68F4FA-F9F8-4276-ACE8-4FEB4CF34E80}"
EndProject
Project("{2150E333-8FDC-42A3-9474-1A3956D46DE8}") = "Infrastructure", "Infrastructure", "{1663B854-A6A8-4D07-9EEA-1E146638760B}"
EndProject
Project("{2150E333-8FDC-42A3-9474-1A3956D46DE8}") = "Web Application", "Web Application", "{615E1C83-D5AE-4A09-841B-91EE1863FAD0}"
EndProject
Project("{2150E333-8FDC-42A3-9474-1A3956D46DE8}") = "Test", "Test", "{905C81D6-2277-4135-81A9-43160A4629F9}"
EndProject
Global
	GlobalSection(SolutionConfigurationPlatforms) = preSolution
		Debug|Any CPU = Debug|Any CPU
		Debug|x64 = Debug|x64
		Debug|x86 = Debug|x86
		Release|Any CPU = Release|Any CPU
		Release|x64 = Release|x64
		Release|x86 = Release|x86
	EndGlobalSection
	GlobalSection(ProjectConfigurationPlatforms) = postSolution
		{E96D190D-ED10-477D-A695-404E9FFF7DFF}.Debug|Any CPU.ActiveCfg = Debug|Any CPU
		{E96D190D-ED10-477D-A695-404E9FFF7DFF}.Debug|Any CPU.Build.0 = Debug|Any CPU
		{E96D190D-ED10-477D-A695-404E9FFF7DFF}.Debug|x64.ActiveCfg = Debug|Any CPU
		{E96D190D-ED10-477D-A695-404E9FFF7DFF}.Debug|x64.Build.0 = Debug|Any CPU
		{E96D190D-ED10-477D-A695-404E9FFF7DFF}.Debug|x86.ActiveCfg = Debug|Any CPU
		{E96D190D-ED10-477D-A695-404E9FFF7DFF}.Debug|x86.Build.0 = Debug|Any CPU
		{E96D190D-ED10-477D-A695-404E9FFF7DFF}.Release|Any CPU.ActiveCfg = Release|Any CPU
		{E96D190D-ED10-477D-A695-404E9FFF7DFF}.Release|Any CPU.Build.0 = Release|Any CPU
		{E96D190D-ED10-477D-A695-404E9FFF7DFF}.Release|x64.ActiveCfg = Release|Any CPU
		{E96D190D-ED10-477D-A695-404E9FFF7DFF}.Release|x64.Build.0 = Release|Any CPU
		{E96D190D-ED10-477D-A695-404E9FFF7DFF}.Release|x86.ActiveCfg = Release|Any CPU
		{E96D190D-ED10-477D-A695-404E9FFF7DFF}.Release|x86.Build.0 = Release|Any CPU
		{B1A9146D-9C86-4F40-A2C7-6075D176AFC8}.Debug|Any CPU.ActiveCfg = Debug|Any CPU
		{B1A9146D-9C86-4F40-A2C7-6075D176AFC8}.Debug|Any CPU.Build.0 = Debug|Any CPU
		{B1A9146D-9C86-4F40-A2C7-6075D176AFC8}.Debug|x64.ActiveCfg = Debug|Any CPU
		{B1A9146D-9C86-4F40-A2C7-6075D176AFC8}.Debug|x64.Build.0 = Debug|Any CPU
		{B1A9146D-9C86-4F40-A2C7-6075D176AFC8}.Debug|x86.ActiveCfg = Debug|Any CPU
		{B1A9146D-9C86-4F40-A2C7-6075D176AFC8}.Debug|x86.Build.0 = Debug|Any CPU
		{B1A9146D-9C86-4F40-A2C7-6075D176AFC8}.Release|Any CPU.ActiveCfg = Release|Any CPU
		{B1A9146D-9C86-4F40-A2C7-6075D176AFC8}.Release|Any CPU.Build.0 = Release|Any CPU
		{B1A9146D-9C86-4F40-A2C7-6075D176AFC8}.Release|x64.ActiveCfg = Release|Any CPU
		{B1A9146D-9C86-4F40-A2C7-6075D176AFC8}.Release|x64.Build.0 = Release|Any CPU
		{B1A9146D-9C86-4F40-A2C7-6075D176AFC8}.Release|x86.ActiveCfg = Release|Any CPU
		{B1A9146D-9C86-4F40-A2C7-6075D176AFC8}.Release|x86.Build.0 = Release|Any CPU
		{45BEF058-B7B0-4C89-B76B-5DDE8E1853C9}.Debug|Any CPU.ActiveCfg = Debug|Any CPU
		{45BEF058-B7B0-4C89-B76B-5DDE8E1853C9}.Debug|Any CPU.Build.0 = Debug|Any CPU
		{45BEF058-B7B0-4C89-B76B-5DDE8E1853C9}.Debug|x64.ActiveCfg = Debug|Any CPU
		{45BEF058-B7B0-4C89-B76B-5DDE8E1853C9}.Debug|x64.Build.0 = Debug|Any CPU
		{45BEF058-B7B0-4C89-B76B-5DDE8E1853C9}.Debug|x86.ActiveCfg = Debug|Any CPU
		{45BEF058-B7B0-4C89-B76B-5DDE8E1853C9}.Debug|x86.Build.0 = Debug|Any CPU
		{45BEF058-B7B0-4C89-B76B-5DDE8E1853C9}.Release|Any CPU.ActiveCfg = Release|Any CPU
		{45BEF058-B7B0-4C89-B76B-5DDE8E1853C9}.Release|Any CPU.Build.0 = Release|Any CPU
		{45BEF058-B7B0-4C89-B76B-5DDE8E1853C9}.Release|x64.ActiveCfg = Release|Any CPU
		{45BEF058-B7B0-4C89-B76B-5DDE8E1853C9}.Release|x64.Build.0 = Release|Any CPU
		{45BEF058-B7B0-4C89-B76B-5DDE8E1853C9}.Release|x86.ActiveCfg = Release|Any CPU
		{45BEF058-B7B0-4C89-B76B-5DDE8E1853C9}.Release|x86.Build.0 = Release|Any CPU
		{8C68F4FA-F9F8-4276-ACE8-4FEB4CF34E80}.Debug|Any CPU.ActiveCfg = Debug|Any CPU
		{8C68F4FA-F9F8-4276-ACE8-4FEB4CF34E80}.Debug|Any CPU.Build.0 = Debug|Any CPU
		{8C68F4FA-F9F8-4276-ACE8-4FEB4CF34E80}.Debug|x64.ActiveCfg = Debug|Any CPU
		{8C68F4FA-F9F8-4276-ACE8-4FEB4CF34E80}.Debug|x64.Build.0 = Debug|Any CPU
		{8C68F4FA-F9F8-4276-ACE8-4FEB4CF34E80}.Debug|x86.ActiveCfg = Debug|Any CPU
		{8C68F4FA-F9F8-4276-ACE8-4FEB4CF34E80}.Debug|x86.Build.0 = Debug|Any CPU
		{8C68F4FA-F9F8-4276-ACE8-4FEB4CF34E80}.Release|Any CPU.ActiveCfg = Release|Any CPU
		{8C68F4FA-F9F8-4276-ACE8-4FEB4CF34E80}.Release|Any CPU.Build.0 = Release|Any CPU
		{8C68F4FA-F9F8-4276-ACE8-4FEB4CF34E80}.Release|x64.ActiveCfg = Release|Any CPU
		{8C68F4FA-F9F8-4276-ACE8-4FEB4CF34E80}.Release|x64.Build.0 = Release|Any CPU
		{8C68F4FA-F9F8-4276-ACE8-4FEB4CF34E80}.Release|x86.ActiveCfg = Release|Any CPU
		{8C68F4FA-F9F8-4276-ACE8-4FEB4CF34E80}.Release|x86.Build.0 = Release|Any CPU
	EndGlobalSection
	GlobalSection(SolutionProperties) = preSolution
		HideSolutionNode = FALSE
	EndGlobalSection
	GlobalSection(NestedProjects) = preSolution
		{E96D190D-ED10-477D-A695-404E9FFF7DFF} = {615E1C83-D5AE-4A09-841B-91EE1863FAD0}
		{B1A9146D-9C86-4F40-A2C7-6075D176AFC8} = {1663B854-A6A8-4D07-9EEA-1E146638760B}
		{45BEF058-B7B0-4C89-B76B-5DDE8E1853C9} = {1663B854-A6A8-4D07-9EEA-1E146638760B}
		{8C68F4FA-F9F8-4276-ACE8-4FEB4CF34E80} = {905C81D6-2277-4135-81A9-43160A4629F9}
	EndGlobalSection
EndGlobal
